dependencies:
  espressif/esp_websocket_client:
    component_hash: ac62982fcf9b266409c2299d2b6b1844122105b35163a3b7f8d0adaa9f7eb989
    dependencies:
    - name: idf
      require: private
      version: '>=5.0'
    source:
      registry_url: https://components.espressif.com/
      type: service
    version: 1.5.0
  idf:
    source:
      type: idf
    version: 5.2.3
direct_dependencies:
- espressif/esp_websocket_client
manifest_hash: f101b2b2ff0fd876fed2c391b1246694db8812839fe3919178efaf8c86e20597
target: esp32s3
version: 2.0.0
